
Microsoft Visual Studio Solution File, Format Version 12.00
# Visual Studio 15
Project("{FAE04EC0-301F-11D3-BF4B-00C04F79EFBC}") = "Assembly-CSharp", "Assembly-CSharp.csproj", "{74FCC5B4-CB52-5632-5655-9E17D98367B6}"
EndProject
Project("{FAE04EC0-301F-11D3-BF4B-00C04F79EFBC}") = "Assembly-CSharp-Editor", "Assembly-CSharp-Editor.csproj", "{5AAA5A4F-6FFA-6916-766E-C3C18982985D}"
EndProject
Global
	GlobalSection(SolutionConfigurationPlatforms) = preSolution
		Debug|Any CPU = Debug|Any CPU
		Release|Any CPU = Release|Any CPU
	EndGlobalSection
	GlobalSection(ProjectConfigurationPlatforms) = postSolution
		{74FCC5B4-CB52-5632-5655-9E17D98367B6}.Debug|Any CPU.ActiveCfg = Debug|Any CPU
		{74FCC5B4-CB52-5632-5655-9E17D98367B6}.Debug|Any CPU.Build.0 = Debug|Any CPU
		{74FCC5B4-CB52-5632-5655-9E17D98367B6}.Release|Any CPU.ActiveCfg = Release|Any CPU
		{74FCC5B4-CB52-5632-5655-9E17D98367B6}.Release|Any CPU.Build.0 = Release|Any CPU
		{5AAA5A4F-6FFA-6916-766E-C3C18982985D}.Debug|Any CPU.ActiveCfg = Debug|Any CPU
		{5AAA5A4F-6FFA-6916-766E-C3C18982985D}.Debug|Any CPU.Build.0 = Debug|Any CPU
		{5AAA5A4F-6FFA-6916-766E-C3C18982985D}.Release|Any CPU.ActiveCfg = Release|Any CPU
		{5AAA5A4F-6FFA-6916-766E-C3C18982985D}.Release|Any CPU.Build.0 = Release|Any CPU
	EndGlobalSection
	GlobalSection(SolutionProperties) = preSolution
		HideSolutionNode = FALSE
	EndGlobalSection
EndGlobal
